
Microsoft Visual Studio Solution File, Format Version 12.00
# Visual Studio Version 17
VisualStudioVersion = 17.5.33627.172
MinimumVisualStudioVersion = 10.0.40219.1
Project("{FAE04EC0-301F-11D3-BF4B-00C04F79EFBC}") = "iis_web", "iis_web\iis_web.csproj", "{4DB72D02-7005-4A23-9796-62F23C064CCF}"
EndProject
Global
	GlobalSection(SolutionConfigurationPlatforms) = preSolution
		Debug|Any CPU = Debug|Any CPU
		Release|Any CPU = Release|Any CPU
	EndGlobalSection
	GlobalSection(ProjectConfigurationPlatforms) = postSolution
		{4DB72D02-7005-4A23-9796-62F23C064CCF}.Debug|Any CPU.ActiveCfg = Debug|Any CPU
		{4DB72D02-7005-4A23-9796-62F23C064CCF}.Debug|Any CPU.Build.0 = Debug|Any CPU
		{4DB72D02-7005-4A23-9796-62F23C064CCF}.Release|Any CPU.ActiveCfg = Release|Any CPU
		{4DB72D02-7005-4A23-9796-62F23C064CCF}.Release|Any CPU.Build.0 = Release|Any CPU
	EndGlobalSection
	GlobalSection(SolutionProperties) = preSolution
		HideSolutionNode = FALSE
	EndGlobalSection
	GlobalSection(ExtensibilityGlobals) = postSolution
		SolutionGuid = {6F3FF31F-1B45-401C-8C8C-415A2E229DE3}
	EndGlobalSection
EndGlobal
